// !$*UTF8*$!
{
	archiveVersion = 1;
	classes = {
	};
	objectVersion = 47;
	objects = {

/* Begin PBXBuildFile section */
		9048D3411B51722600F88FE3 /* AppDelegate.swift in Sources */ = {isa = PBXBuildFile; fileRef = 9048D3401B51722600F88FE3 /* AppDelegate.swift */; };
		9048D3461B51722600F88FE3 /* Main.storyboard in Resources */ = {isa = PBXBuildFile; fileRef = 9048D3441B51722600F88FE3 /* Main.storyboard */; };
		9048D3481B51722600F88FE3 /* Images.xcassets in Resources */ = {isa = PBXBuildFile; fileRef = 9048D3471B51722600F88FE3 /* Images.xcassets */; };
		9048D34B1B51722600F88FE3 /* LaunchScreen.xib in Resources */ = {isa = PBXBuildFile; fileRef = 9048D3491B51722600F88FE3 /* LaunchScreen.xib */; };
		9048D3571B51722600F88FE3 /* hookTests.swift in Sources */ = {isa = PBXBuildFile; fileRef = 9048D3561B51722600F88FE3 /* hookTests.swift */; };
		9048D3691B5172DE00F88FE3 /* coquine1.jpg in Resources */ = {isa = PBXBuildFile; fileRef = 9048D3611B5172DE00F88FE3 /* coquine1.jpg */; };
		9048D36A1B5172DE00F88FE3 /* coquine2.jpg in Resources */ = {isa = PBXBuildFile; fileRef = 9048D3621B5172DE00F88FE3 /* coquine2.jpg */; };
		9048D36B1B5172DE00F88FE3 /* coquine3.jpg in Resources */ = {isa = PBXBuildFile; fileRef = 9048D3631B5172DE00F88FE3 /* coquine3.jpg */; };
		9048D36C1B5172DE00F88FE3 /* coquine4.jpg in Resources */ = {isa = PBXBuildFile; fileRef = 9048D3641B5172DE00F88FE3 /* coquine4.jpg */; };
		9048D36D1B5172DE00F88FE3 /* coquine5.jpg in Resources */ = {isa = PBXBuildFile; fileRef = 9048D3651B5172DE00F88FE3 /* coquine5.jpg */; };
		9048D36E1B5172DE00F88FE3 /* coquine6.jpg in Resources */ = {isa = PBXBuildFile; fileRef = 9048D3661B5172DE00F88FE3 /* coquine6.jpg */; };
		9048D3701B5172DE00F88FE3 /* loginWallpaper.jpeg in Resources */ = {isa = PBXBuildFile; fileRef = 9048D3681B5172DE00F88FE3 /* loginWallpaper.jpeg */; };
		9048D3741B5178A400F88FE3 /* MainViewController.swift in Sources */ = {isa = PBXBuildFile; fileRef = 9048D3731B5178A400F88FE3 /* MainViewController.swift */; };
		9048D3761B517A5F00F88FE3 /* cellData.swift in Sources */ = {isa = PBXBuildFile; fileRef = 9048D3751B517A5F00F88FE3 /* cellData.swift */; };
		9048D37A1B517C9100F88FE3 /* CellViewController.swift in Sources */ = {isa = PBXBuildFile; fileRef = 9048D3791B517C9100F88FE3 /* CellViewController.swift */; };
		9048D37D1B5192B600F88FE3 /* chat.png in Resources */ = {isa = PBXBuildFile; fileRef = 9048D37B1B5192B600F88FE3 /* chat.png */; };
		9048D37E1B5192B600F88FE3 /* hook.png in Resources */ = {isa = PBXBuildFile; fileRef = 9048D37C1B5192B600F88FE3 /* hook.png */; };
		9048D3921B52F31200F88FE3 /* menu.png in Resources */ = {isa = PBXBuildFile; fileRef = 9048D3911B52F31200F88FE3 /* menu.png */; };
		9048D3941B532A2700F88FE3 /* HooksViewController.swift in Sources */ = {isa = PBXBuildFile; fileRef = 9048D3931B532A2700F88FE3 /* HooksViewController.swift */; };
		9048D3961B53DB5F00F88FE3 /* YourHooksViewController.swift in Sources */ = {isa = PBXBuildFile; fileRef = 9048D3951B53DB5F00F88FE3 /* YourHooksViewController.swift */; };
		9048D3991B53E3E200F88FE3 /* empty_heart_icon.png in Resources */ = {isa = PBXBuildFile; fileRef = 9048D3971B53E3E200F88FE3 /* empty_heart_icon.png */; };
		9048D39A1B53E3E200F88FE3 /* full_heart_icon.png in Resources */ = {isa = PBXBuildFile; fileRef = 9048D3981B53E3E200F88FE3 /* full_heart_icon.png */; };
		9049263B1B653ACC0041BB54 /* icone_smal.png in Resources */ = {isa = PBXBuildFile; fileRef = 9049263A1B653ACC0041BB54 /* icone_smal.png */; };
		9049263E1B662F5E0041BB54 /* FBSDKCoreKit.framework in Frameworks */ = {isa = PBXBuildFile; fileRef = 9049263D1B662F5E0041BB54 /* FBSDKCoreKit.framework */; settings = {ATTRIBUTES = (Required, ); }; };
		904926411B6638350041BB54 /* FBSDKLoginKit.framework in Frameworks */ = {isa = PBXBuildFile; fileRef = 904926401B6638350041BB54 /* FBSDKLoginKit.framework */; };
		904926431B6638450041BB54 /* Bolts.framework in Frameworks */ = {isa = PBXBuildFile; fileRef = 904926421B6638450041BB54 /* Bolts.framework */; };
		904926491B663AF80041BB54 /* LoginViewController.swift in Sources */ = {isa = PBXBuildFile; fileRef = 904926481B663AF80041BB54 /* LoginViewController.swift */; };
		906A06F51B788F7600F559D7 /* userFacebook.swift in Sources */ = {isa = PBXBuildFile; fileRef = 906A06F41B788F7600F559D7 /* userFacebook.swift */; };
		907008A21B56FC9000C7B740 /* PhotoViewController.swift in Sources */ = {isa = PBXBuildFile; fileRef = 907008A11B56FC9000C7B740 /* PhotoViewController.swift */; };
		907008A41B5701F100C7B740 /* PhotoViewCell.swift in Sources */ = {isa = PBXBuildFile; fileRef = 907008A31B5701F100C7B740 /* PhotoViewCell.swift */; };
		907008A81B5829F500C7B740 /* profile_hook.png in Resources */ = {isa = PBXBuildFile; fileRef = 907008A71B5829F500C7B740 /* profile_hook.png */; };
		907008AA1B5829FC00C7B740 /* profile_chat.png in Resources */ = {isa = PBXBuildFile; fileRef = 907008A91B5829FC00C7B740 /* profile_chat.png */; };
		907008AC1B582A0200C7B740 /* profile_cog.png in Resources */ = {isa = PBXBuildFile; fileRef = 907008AB1B582A0200C7B740 /* profile_cog.png */; };
		907008B01B582DFB00C7B740 /* michal.jpg in Resources */ = {isa = PBXBuildFile; fileRef = 907008AF1B582DFB00C7B740 /* michal.jpg */; };
		907008B21B582F8800C7B740 /* MenuViewController.swift in Sources */ = {isa = PBXBuildFile; fileRef = 907008B11B582F8800C7B740 /* MenuViewController.swift */; };
		907008B61B5835A100C7B740 /* MenuViewCell.swift in Sources */ = {isa = PBXBuildFile; fileRef = 907008B51B5835A100C7B740 /* MenuViewCell.swift */; };
		907008B81B58467500C7B740 /* ContactViewCell.swift in Sources */ = {isa = PBXBuildFile; fileRef = 907008B71B58467500C7B740 /* ContactViewCell.swift */; };
		907147231B7A47D100F19C48 /* ProfileNavigationViewController.swift in Sources */ = {isa = PBXBuildFile; fileRef = 907147221B7A47D100F19C48 /* ProfileNavigationViewController.swift */; };
		907147261B7B937C00F19C48 /* SWRevealViewController.m in Sources */ = {isa = PBXBuildFile; fileRef = 907147251B7B937C00F19C48 /* SWRevealViewController.m */; };
		9076FC971B7FA4C100000399 /* fond.png in Resources */ = {isa = PBXBuildFile; fileRef = 9076FC961B7FA4C100000399 /* fond.png */; };
		9076FC991B80CB0000000399 /* fond_cell.png in Resources */ = {isa = PBXBuildFile; fileRef = 9076FC981B80CB0000000399 /* fond_cell.png */; };
		9076FC9C1B80F9F400000399 /* down.png in Resources */ = {isa = PBXBuildFile; fileRef = 9076FC9A1B80F9F400000399 /* down.png */; };
		9076FC9D1B80F9F400000399 /* up.png in Resources */ = {isa = PBXBuildFile; fileRef = 9076FC9B1B80F9F400000399 /* up.png */; };
		90857CF51B95E48A00A26FAD /* ProfileViewCell.swift in Sources */ = {isa = PBXBuildFile; fileRef = 90857CF41B95E48A00A26FAD /* ProfileViewCell.swift */; };
		909237E61B97302E00867FF2 /* ContentViewController.swift in Sources */ = {isa = PBXBuildFile; fileRef = 909237E51B97302E00867FF2 /* ContentViewController.swift */; };
		909EB8C31B78C403006661FC /* edit.png in Resources */ = {isa = PBXBuildFile; fileRef = 909EB8C21B78C403006661FC /* edit.png */; };
		909EB8C91B78F30B006661FC /* ProfileViewController.swift in Sources */ = {isa = PBXBuildFile; fileRef = 909EB8C81B78F30B006661FC /* ProfileViewController.swift */; };
		909EB8CB1B79EEF3006661FC /* EditProfileViewController.swift in Sources */ = {isa = PBXBuildFile; fileRef = 909EB8CA1B79EEF3006661FC /* EditProfileViewController.swift */; };
		909EB8CF1B79F072006661FC /* photo.png in Resources */ = {isa = PBXBuildFile; fileRef = 909EB8CE1B79F072006661FC /* photo.png */; };
		909EB8D11B79F970006661FC /* ConfigViewController.swift in Sources */ = {isa = PBXBuildFile; fileRef = 909EB8D01B79F970006661FC /* ConfigViewController.swift */; };
		90A324AF1B5BBD3700299E57 /* icone_hook_blue.png in Resources */ = {isa = PBXBuildFile; fileRef = 90A324AE1B5BBD3700299E57 /* icone_hook_blue.png */; };
		90BD9BB31B89E25A00028B26 /* fond2.png in Resources */ = {isa = PBXBuildFile; fileRef = 90BD9BB21B89E25A00028B26 /* fond2.png */; };
		90F8F5061B6830FD00541B06 /* LGSimpleChat.swift in Sources */ = {isa = PBXBuildFile; fileRef = 90F8F5051B6830FD00541B06 /* LGSimpleChat.swift */; };
/* End PBXBuildFile section */

/* Begin PBXContainerItemProxy section */
		9048D3511B51722600F88FE3 /* PBXContainerItemProxy */ = {
			isa = PBXContainerItemProxy;
			containerPortal = 9048D3331B51722600F88FE3 /* Project object */;
			proxyType = 1;
			remoteGlobalIDString = 9048D33A1B51722600F88FE3;
			remoteInfo = hook;
		};
/* End PBXContainerItemProxy section */

/* Begin PBXCopyFilesBuildPhase section */
		90BD9BE91B95AD7500028B26 /* Embed Frameworks */ = {
			isa = PBXCopyFilesBuildPhase;
			buildActionMask = 2147483647;
			dstPath = "";
			dstSubfolderSpec = 10;
			files = (
			);
			name = "Embed Frameworks";
			runOnlyForDeploymentPostprocessing = 0;
		};
/* End PBXCopyFilesBuildPhase section */

/* Begin PBXFileReference section */
		9048D33B1B51722600F88FE3 /* hook.app */ = {isa = PBXFileReference; explicitFileType = wrapper.application; includeInIndex = 0; path = hook.app; sourceTree = BUILT_PRODUCTS_DIR; };
		9048D33F1B51722600F88FE3 /* Info.plist */ = {isa = PBXFileReference; lastKnownFileType = text.plist.xml; path = Info.plist; sourceTree = "<group>"; };
		9048D3401B51722600F88FE3 /* AppDelegate.swift */ = {isa = PBXFileReference; lastKnownFileType = sourcecode.swift; path = AppDelegate.swift; sourceTree = "<group>"; };
		9048D3451B51722600F88FE3 /* Base */ = {isa = PBXFileReference; lastKnownFileType = file.storyboard; name = Base; path = Base.lproj/Main.storyboard; sourceTree = "<group>"; };
		9048D3471B51722600F88FE3 /* Images.xcassets */ = {isa = PBXFileReference; lastKnownFileType = folder.assetcatalog; path = Images.xcassets; sourceTree = "<group>"; };
		9048D34A1B51722600F88FE3 /* Base */ = {isa = PBXFileReference; lastKnownFileType = file.xib; name = Base; path = Base.lproj/LaunchScreen.xib; sourceTree = "<group>"; };
		9048D3501B51722600F88FE3 /* hookTests.xctest */ = {isa = PBXFileReference; explicitFileType = wrapper.cfbundle; includeInIndex = 0; path = hookTests.xctest; sourceTree = BUILT_PRODUCTS_DIR; };
		9048D3551B51722600F88FE3 /* Info.plist */ = {isa = PBXFileReference; lastKnownFileType = text.plist.xml; path = Info.plist; sourceTree = "<group>"; };
		9048D3561B51722600F88FE3 /* hookTests.swift */ = {isa = PBXFileReference; lastKnownFileType = sourcecode.swift; path = hookTests.swift; sourceTree = "<group>"; };
		9048D3611B5172DE00F88FE3 /* coquine1.jpg */ = {isa = PBXFileReference; lastKnownFileType = image.jpeg; name = coquine1.jpg; path = ../../../Downloads/coquine1.jpg; sourceTree = "<group>"; };
		9048D3621B5172DE00F88FE3 /* coquine2.jpg */ = {isa = PBXFileReference; lastKnownFileType = image.jpeg; name = coquine2.jpg; path = ../../../Downloads/coquine2.jpg; sourceTree = "<group>"; };
		9048D3631B5172DE00F88FE3 /* coquine3.jpg */ = {isa = PBXFileReference; lastKnownFileType = image.jpeg; name = coquine3.jpg; path = ../../../Downloads/coquine3.jpg; sourceTree = "<group>"; };
		9048D3641B5172DE00F88FE3 /* coquine4.jpg */ = {isa = PBXFileReference; lastKnownFileType = image.jpeg; name = coquine4.jpg; path = ../../../Downloads/coquine4.jpg; sourceTree = "<group>"; };
		9048D3651B5172DE00F88FE3 /* coquine5.jpg */ = {isa = PBXFileReference; lastKnownFileType = image.jpeg; name = coquine5.jpg; path = ../../../Downloads/coquine5.jpg; sourceTree = "<group>"; };
		9048D3661B5172DE00F88FE3 /* coquine6.jpg */ = {isa = PBXFileReference; lastKnownFileType = image.jpeg; name = coquine6.jpg; path = ../../../Downloads/coquine6.jpg; sourceTree = "<group>"; };
		9048D3681B5172DE00F88FE3 /* loginWallpaper.jpeg */ = {isa = PBXFileReference; lastKnownFileType = image.jpeg; name = loginWallpaper.jpeg; path = ../../../Downloads/loginWallpaper.jpeg; sourceTree = "<group>"; };
		9048D3731B5178A400F88FE3 /* MainViewController.swift */ = {isa = PBXFileReference; fileEncoding = 4; lastKnownFileType = sourcecode.swift; path = MainViewController.swift; sourceTree = "<group>"; };
		9048D3751B517A5F00F88FE3 /* cellData.swift */ = {isa = PBXFileReference; fileEncoding = 4; lastKnownFileType = sourcecode.swift; path = cellData.swift; sourceTree = "<group>"; };
		9048D3791B517C9100F88FE3 /* CellViewController.swift */ = {isa = PBXFileReference; fileEncoding = 4; lastKnownFileType = sourcecode.swift; path = CellViewController.swift; sourceTree = "<group>"; };
		9048D37B1B5192B600F88FE3 /* chat.png */ = {isa = PBXFileReference; lastKnownFileType = image.png; path = chat.png; sourceTree = "<group>"; };
		9048D37C1B5192B600F88FE3 /* hook.png */ = {isa = PBXFileReference; lastKnownFileType = image.png; path = hook.png; sourceTree = "<group>"; };
		9048D3821B52DE7D00F88FE3 /* hook-Bridging-Header.h */ = {isa = PBXFileReference; lastKnownFileType = sourcecode.c.h; path = "hook-Bridging-Header.h"; sourceTree = "<group>"; };
		9048D3911B52F31200F88FE3 /* menu.png */ = {isa = PBXFileReference; lastKnownFileType = image.png; path = menu.png; sourceTree = "<group>"; };
		9048D3931B532A2700F88FE3 /* HooksViewController.swift */ = {isa = PBXFileReference; fileEncoding = 4; lastKnownFileType = sourcecode.swift; path = HooksViewController.swift; sourceTree = "<group>"; };
		9048D3951B53DB5F00F88FE3 /* YourHooksViewController.swift */ = {isa = PBXFileReference; fileEncoding = 4; lastKnownFileType = sourcecode.swift; path = YourHooksViewController.swift; sourceTree = "<group>"; };
		9048D3971B53E3E200F88FE3 /* empty_heart_icon.png */ = {isa = PBXFileReference; lastKnownFileType = image.png; path = empty_heart_icon.png; sourceTree = "<group>"; };
		9048D3981B53E3E200F88FE3 /* full_heart_icon.png */ = {isa = PBXFileReference; lastKnownFileType = image.png; path = full_heart_icon.png; sourceTree = "<group>"; };
		9049263A1B653ACC0041BB54 /* icone_smal.png */ = {isa = PBXFileReference; lastKnownFileType = image.png; path = icone_smal.png; sourceTree = "<group>"; };
		9049263D1B662F5E0041BB54 /* FBSDKCoreKit.framework */ = {isa = PBXFileReference; lastKnownFileType = wrapper.framework; path = FBSDKCoreKit.framework; sourceTree = "<group>"; };
		904926401B6638350041BB54 /* FBSDKLoginKit.framework */ = {isa = PBXFileReference; lastKnownFileType = wrapper.framework; path = FBSDKLoginKit.framework; sourceTree = "<group>"; };
		904926421B6638450041BB54 /* Bolts.framework */ = {isa = PBXFileReference; lastKnownFileType = wrapper.framework; path = Bolts.framework; sourceTree = "<group>"; };
		904926481B663AF80041BB54 /* LoginViewController.swift */ = {isa = PBXFileReference; fileEncoding = 4; lastKnownFileType = sourcecode.swift; path = LoginViewController.swift; sourceTree = "<group>"; };
		906A06F41B788F7600F559D7 /* userFacebook.swift */ = {isa = PBXFileReference; fileEncoding = 4; lastKnownFileType = sourcecode.swift; path = userFacebook.swift; sourceTree = "<group>"; };
		907008A11B56FC9000C7B740 /* PhotoViewController.swift */ = {isa = PBXFileReference; fileEncoding = 4; lastKnownFileType = sourcecode.swift; path = PhotoViewController.swift; sourceTree = "<group>"; };
		907008A31B5701F100C7B740 /* PhotoViewCell.swift */ = {isa = PBXFileReference; fileEncoding = 4; lastKnownFileType = sourcecode.swift; path = PhotoViewCell.swift; sourceTree = "<group>"; };
		907008A71B5829F500C7B740 /* profile_hook.png */ = {isa = PBXFileReference; lastKnownFileType = image.png; path = profile_hook.png; sourceTree = "<group>"; };
		907008A91B5829FC00C7B740 /* profile_chat.png */ = {isa = PBXFileReference; lastKnownFileType = image.png; path = profile_chat.png; sourceTree = "<group>"; };
		907008AB1B582A0200C7B740 /* profile_cog.png */ = {isa = PBXFileReference; lastKnownFileType = image.png; path = profile_cog.png; sourceTree = "<group>"; };
		907008AF1B582DFB00C7B740 /* michal.jpg */ = {isa = PBXFileReference; lastKnownFileType = image.jpeg; path = michal.jpg; sourceTree = "<group>"; };
		907008B11B582F8800C7B740 /* MenuViewController.swift */ = {isa = PBXFileReference; fileEncoding = 4; lastKnownFileType = sourcecode.swift; path = MenuViewController.swift; sourceTree = "<group>"; };
		907008B51B5835A100C7B740 /* MenuViewCell.swift */ = {isa = PBXFileReference; fileEncoding = 4; lastKnownFileType = sourcecode.swift; path = MenuViewCell.swift; sourceTree = "<group>"; };
		907008B71B58467500C7B740 /* ContactViewCell.swift */ = {isa = PBXFileReference; fileEncoding = 4; lastKnownFileType = sourcecode.swift; path = ContactViewCell.swift; sourceTree = "<group>"; };
		907147221B7A47D100F19C48 /* ProfileNavigationViewController.swift */ = {isa = PBXFileReference; fileEncoding = 4; lastKnownFileType = sourcecode.swift; path = ProfileNavigationViewController.swift; sourceTree = "<group>"; };
		907147241B7B937C00F19C48 /* SWRevealViewController.h */ = {isa = PBXFileReference; fileEncoding = 4; lastKnownFileType = sourcecode.c.h; path = SWRevealViewController.h; sourceTree = "<group>"; };
		907147251B7B937C00F19C48 /* SWRevealViewController.m */ = {isa = PBXFileReference; fileEncoding = 4; lastKnownFileType = sourcecode.c.objc; path = SWRevealViewController.m; sourceTree = "<group>"; };
		9076FC961B7FA4C100000399 /* fond.png */ = {isa = PBXFileReference; lastKnownFileType = image.png; path = fond.png; sourceTree = "<group>"; };
		9076FC981B80CB0000000399 /* fond_cell.png */ = {isa = PBXFileReference; lastKnownFileType = image.png; path = fond_cell.png; sourceTree = "<group>"; };
		9076FC9A1B80F9F400000399 /* down.png */ = {isa = PBXFileReference; lastKnownFileType = image.png; path = down.png; sourceTree = "<group>"; };
		9076FC9B1B80F9F400000399 /* up.png */ = {isa = PBXFileReference; lastKnownFileType = image.png; path = up.png; sourceTree = "<group>"; };
		90857CF41B95E48A00A26FAD /* ProfileViewCell.swift */ = {isa = PBXFileReference; fileEncoding = 4; lastKnownFileType = sourcecode.swift; path = ProfileViewCell.swift; sourceTree = "<group>"; };
		909237E51B97302E00867FF2 /* ContentViewController.swift */ = {isa = PBXFileReference; fileEncoding = 4; lastKnownFileType = sourcecode.swift; path = ContentViewController.swift; sourceTree = "<group>"; };
		909EB8C21B78C403006661FC /* edit.png */ = {isa = PBXFileReference; lastKnownFileType = image.png; path = edit.png; sourceTree = "<group>"; };
		909EB8C81B78F30B006661FC /* ProfileViewController.swift */ = {isa = PBXFileReference; fileEncoding = 4; lastKnownFileType = sourcecode.swift; path = ProfileViewController.swift; sourceTree = "<group>"; };
		909EB8CA1B79EEF3006661FC /* EditProfileViewController.swift */ = {isa = PBXFileReference; fileEncoding = 4; lastKnownFileType = sourcecode.swift; path = EditProfileViewController.swift; sourceTree = "<group>"; };
		909EB8CE1B79F072006661FC /* photo.png */ = {isa = PBXFileReference; lastKnownFileType = image.png; path = photo.png; sourceTree = "<group>"; };
		909EB8D01B79F970006661FC /* ConfigViewController.swift */ = {isa = PBXFileReference; fileEncoding = 4; lastKnownFileType = sourcecode.swift; path = ConfigViewController.swift; sourceTree = "<group>"; };
		90A324AE1B5BBD3700299E57 /* icone_hook_blue.png */ = {isa = PBXFileReference; lastKnownFileType = image.png; path = icone_hook_blue.png; sourceTree = "<group>"; };
		90BD9BB21B89E25A00028B26 /* fond2.png */ = {isa = PBXFileReference; lastKnownFileType = image.png; path = fond2.png; sourceTree = "<group>"; };
		90F8F5051B6830FD00541B06 /* LGSimpleChat.swift */ = {isa = PBXFileReference; fileEncoding = 4; lastKnownFileType = sourcecode.swift; path = LGSimpleChat.swift; sourceTree = "<group>"; };
/* End PBXFileReference section */

/* Begin PBXFrameworksBuildPhase section */
		9048D3381B51722600F88FE3 /* Frameworks */ = {
			isa = PBXFrameworksBuildPhase;
			buildActionMask = 2147483647;
			files = (
				904926431B6638450041BB54 /* Bolts.framework in Frameworks */,
				904926411B6638350041BB54 /* FBSDKLoginKit.framework in Frameworks */,
				9049263E1B662F5E0041BB54 /* FBSDKCoreKit.framework in Frameworks */,
			);
			runOnlyForDeploymentPostprocessing = 0;
		};
		9048D34D1B51722600F88FE3 /* Frameworks */ = {
			isa = PBXFrameworksBuildPhase;
			buildActionMask = 2147483647;
			files = (
			);
			runOnlyForDeploymentPostprocessing = 0;
		};
/* End PBXFrameworksBuildPhase section */

/* Begin PBXGroup section */
		9048D3321B51722600F88FE3 = {
			isa = PBXGroup;
			children = (
				9048D33D1B51722600F88FE3 /* hook */,
				9048D3531B51722600F88FE3 /* hookTests */,
				9048D33C1B51722600F88FE3 /* Products */,
			);
			sourceTree = "<group>";
		};
		9048D33C1B51722600F88FE3 /* Products */ = {
			isa = PBXGroup;
			children = (
				9048D33B1B51722600F88FE3 /* hook.app */,
				9048D3501B51722600F88FE3 /* hookTests.xctest */,
			);
			name = Products;
			sourceTree = "<group>";
		};
		9048D33D1B51722600F88FE3 /* hook */ = {
			isa = PBXGroup;
			children = (
				9049263C1B662F2F0041BB54 /* facebook */,
				9048D3811B52DDEC00F88FE3 /* menu */,
				9048D3601B5172CB00F88FE3 /* images */,
				90F8F5091B6ABBE200541B06 /* messages */,
				90857CF81B95EAF100A26FAD /* profile */,
				909237E11B96F09200867FF2 /* photo */,
				909237E21B96F0A500867FF2 /* login */,
				909237E41B96F0BE00867FF2 /* Hooks */,
				909237E31B96F0B500867FF2 /* config */,
				90857CF91B95EB1B00A26FAD /* design */,
				9048D3401B51722600F88FE3 /* AppDelegate.swift */,
				9048D3731B5178A400F88FE3 /* MainViewController.swift */,
				9048D3471B51722600F88FE3 /* Images.xcassets */,
				9048D33E1B51722600F88FE3 /* Supporting Files */,
			);
			path = hook;
			sourceTree = "<group>";
		};
		9048D33E1B51722600F88FE3 /* Supporting Files */ = {
			isa = PBXGroup;
			children = (
				9048D33F1B51722600F88FE3 /* Info.plist */,
			);
			name = "Supporting Files";
			sourceTree = "<group>";
		};
		9048D3531B51722600F88FE3 /* hookTests */ = {
			isa = PBXGroup;
			children = (
				9048D3561B51722600F88FE3 /* hookTests.swift */,
				9048D3541B51722600F88FE3 /* Supporting Files */,
			);
			path = hookTests;
			sourceTree = "<group>";
		};
		9048D3541B51722600F88FE3 /* Supporting Files */ = {
			isa = PBXGroup;
			children = (
				9048D3551B51722600F88FE3 /* Info.plist */,
			);
			name = "Supporting Files";
			sourceTree = "<group>";
		};
		9048D3601B5172CB00F88FE3 /* images */ = {
			isa = PBXGroup;
			children = (
				90BD9BB21B89E25A00028B26 /* fond2.png */,
				9076FC9A1B80F9F400000399 /* down.png */,
				9076FC9B1B80F9F400000399 /* up.png */,
				9076FC961B7FA4C100000399 /* fond.png */,
				9076FC981B80CB0000000399 /* fond_cell.png */,
				909EB8C21B78C403006661FC /* edit.png */,
				9048D3971B53E3E200F88FE3 /* empty_heart_icon.png */,
				9048D3981B53E3E200F88FE3 /* full_heart_icon.png */,
				9048D37B1B5192B600F88FE3 /* chat.png */,
				9048D37C1B5192B600F88FE3 /* hook.png */,
				907008A71B5829F500C7B740 /* profile_hook.png */,
				9048D3911B52F31200F88FE3 /* menu.png */,
				909EB8CE1B79F072006661FC /* photo.png */,
				907008AB1B582A0200C7B740 /* profile_cog.png */,
				907008A91B5829FC00C7B740 /* profile_chat.png */,
				907008AF1B582DFB00C7B740 /* michal.jpg */,
				9048D3611B5172DE00F88FE3 /* coquine1.jpg */,
				9048D3621B5172DE00F88FE3 /* coquine2.jpg */,
				9048D3631B5172DE00F88FE3 /* coquine3.jpg */,
				9048D3641B5172DE00F88FE3 /* coquine4.jpg */,
				9048D3651B5172DE00F88FE3 /* coquine5.jpg */,
				9048D3661B5172DE00F88FE3 /* coquine6.jpg */,
				90A324AE1B5BBD3700299E57 /* icone_hook_blue.png */,
				9049263A1B653ACC0041BB54 /* icone_smal.png */,
				9048D3681B5172DE00F88FE3 /* loginWallpaper.jpeg */,
			);
			name = images;
			sourceTree = "<group>";
		};
		9048D3811B52DDEC00F88FE3 /* menu */ = {
			isa = PBXGroup;
			children = (
				907008B11B582F8800C7B740 /* MenuViewController.swift */,
				907008B51B5835A100C7B740 /* MenuViewCell.swift */,
				907008B71B58467500C7B740 /* ContactViewCell.swift */,
				907147241B7B937C00F19C48 /* SWRevealViewController.h */,
				907147251B7B937C00F19C48 /* SWRevealViewController.m */,
				9048D3821B52DE7D00F88FE3 /* hook-Bridging-Header.h */,
			);
			name = menu;
			sourceTree = "<group>";
		};
		9049263C1B662F2F0041BB54 /* facebook */ = {
			isa = PBXGroup;
			children = (
				904926421B6638450041BB54 /* Bolts.framework */,
				904926401B6638350041BB54 /* FBSDKLoginKit.framework */,
				9049263D1B662F5E0041BB54 /* FBSDKCoreKit.framework */,
				906A06F41B788F7600F559D7 /* userFacebook.swift */,
			);
			name = facebook;
			sourceTree = "<group>";
		};
		90857CF81B95EAF100A26FAD /* profile */ = {
			isa = PBXGroup;
			children = (
				909EB8CA1B79EEF3006661FC /* EditProfileViewController.swift */,
				907147221B7A47D100F19C48 /* ProfileNavigationViewController.swift */,
				909EB8C81B78F30B006661FC /* ProfileViewController.swift */,
				909237E51B97302E00867FF2 /* ContentViewController.swift */,
				9048D3791B517C9100F88FE3 /* CellViewController.swift */,
				9048D3751B517A5F00F88FE3 /* cellData.swift */,
				90857CF41B95E48A00A26FAD /* ProfileViewCell.swift */,
			);
			name = profile;
			sourceTree = "<group>";
		};
		90857CF91B95EB1B00A26FAD /* design */ = {
			isa = PBXGroup;
			children = (
				9048D3491B51722600F88FE3 /* LaunchScreen.xib */,
				9048D3441B51722600F88FE3 /* Main.storyboard */,
			);
			name = design;
			sourceTree = "<group>";
		};
		909237E11B96F09200867FF2 /* photo */ = {
			isa = PBXGroup;
			children = (
				907008A11B56FC9000C7B740 /* PhotoViewController.swift */,
				907008A31B5701F100C7B740 /* PhotoViewCell.swift */,
			);
			name = photo;
			sourceTree = "<group>";
		};
		909237E21B96F0A500867FF2 /* login */ = {
			isa = PBXGroup;
			children = (
				904926481B663AF80041BB54 /* LoginViewController.swift */,
			);
			name = login;
			sourceTree = "<group>";
		};
		909237E31B96F0B500867FF2 /* config */ = {
			isa = PBXGroup;
			children = (
				909EB8D01B79F970006661FC /* ConfigViewController.swift */,
			);
			name = config;
			sourceTree = "<group>";
		};
		909237E41B96F0BE00867FF2 /* Hooks */ = {
			isa = PBXGroup;
			children = (
				9048D3951B53DB5F00F88FE3 /* YourHooksViewController.swift */,
				9048D3931B532A2700F88FE3 /* HooksViewController.swift */,
			);
			name = Hooks;
			sourceTree = "<group>";
		};
		90F8F5091B6ABBE200541B06 /* messages */ = {
			isa = PBXGroup;
			children = (
				90F8F5051B6830FD00541B06 /* LGSimpleChat.swift */,
			);
			name = messages;
			sourceTree = "<group>";
		};
/* End PBXGroup section */

/* Begin PBXNativeTarget section */
		9048D33A1B51722600F88FE3 /* hook */ = {
			isa = PBXNativeTarget;
			buildConfigurationList = 9048D35A1B51722600F88FE3 /* Build configuration list for PBXNativeTarget "hook" */;
			buildPhases = (
				9048D3371B51722600F88FE3 /* Sources */,
				9048D3381B51722600F88FE3 /* Frameworks */,
				9048D3391B51722600F88FE3 /* Resources */,
				90BD9BE91B95AD7500028B26 /* Embed Frameworks */,
			);
			buildRules = (
			);
			dependencies = (
			);
			name = hook;
			productName = hook;
			productReference = 9048D33B1B51722600F88FE3 /* hook.app */;
			productType = "com.apple.product-type.application";
		};
		9048D34F1B51722600F88FE3 /* hookTests */ = {
			isa = PBXNativeTarget;
			buildConfigurationList = 9048D35D1B51722600F88FE3 /* Build configuration list for PBXNativeTarget "hookTests" */;
			buildPhases = (
				9048D34C1B51722600F88FE3 /* Sources */,
				9048D34D1B51722600F88FE3 /* Frameworks */,
				9048D34E1B51722600F88FE3 /* Resources */,
			);
			buildRules = (
			);
			dependencies = (
				9048D3521B51722600F88FE3 /* PBXTargetDependency */,
			);
			name = hookTests;
			productName = hookTests;
			productReference = 9048D3501B51722600F88FE3 /* hookTests.xctest */;
			productType = "com.apple.product-type.bundle.unit-test";
		};
/* End PBXNativeTarget section */

/* Begin PBXProject section */
		9048D3331B51722600F88FE3 /* Project object */ = {
			isa = PBXProject;
			attributes = {
				LastUpgradeCheck = 0640;
				ORGANIZATIONNAME = Michal;
				TargetAttributes = {
					9048D33A1B51722600F88FE3 = {
						CreatedOnToolsVersion = 6.4;
						DevelopmentTeam = 2V8W8M67YD;
					};
					9048D34F1B51722600F88FE3 = {
						CreatedOnToolsVersion = 6.4;
						TestTargetID = 9048D33A1B51722600F88FE3;
					};
				};
			};
			buildConfigurationList = 9048D3361B51722600F88FE3 /* Build configuration list for PBXProject "hook" */;
			compatibilityVersion = "Xcode 6.3";
			developmentRegion = English;
			hasScannedForEncodings = 0;
			knownRegions = (
				en,
				Base,
			);
			mainGroup = 9048D3321B51722600F88FE3;
			productRefGroup = 9048D33C1B51722600F88FE3 /* Products */;
			projectDirPath = "";
			projectRoot = "";
			targets = (
				9048D33A1B51722600F88FE3 /* hook */,
				9048D34F1B51722600F88FE3 /* hookTests */,
			);
		};
/* End PBXProject section */

/* Begin PBXResourcesBuildPhase section */
		9048D3391B51722600F88FE3 /* Resources */ = {
			isa = PBXResourcesBuildPhase;
			buildActionMask = 2147483647;
			files = (
				9048D3921B52F31200F88FE3 /* menu.png in Resources */,
				907008AC1B582A0200C7B740 /* profile_cog.png in Resources */,
				9076FC971B7FA4C100000399 /* fond.png in Resources */,
				9076FC9C1B80F9F400000399 /* down.png in Resources */,
				9048D3691B5172DE00F88FE3 /* coquine1.jpg in Resources */,
				90A324AF1B5BBD3700299E57 /* icone_hook_blue.png in Resources */,
				907008A81B5829F500C7B740 /* profile_hook.png in Resources */,
				9048D36A1B5172DE00F88FE3 /* coquine2.jpg in Resources */,
				9048D36B1B5172DE00F88FE3 /* coquine3.jpg in Resources */,
				9048D39A1B53E3E200F88FE3 /* full_heart_icon.png in Resources */,
				9048D3461B51722600F88FE3 /* Main.storyboard in Resources */,
				909EB8CF1B79F072006661FC /* photo.png in Resources */,
				9048D3701B5172DE00F88FE3 /* loginWallpaper.jpeg in Resources */,
				9048D36D1B5172DE00F88FE3 /* coquine5.jpg in Resources */,
				907008B01B582DFB00C7B740 /* michal.jpg in Resources */,
				9076FC9D1B80F9F400000399 /* up.png in Resources */,
				9048D36E1B5172DE00F88FE3 /* coquine6.jpg in Resources */,
				9048D34B1B51722600F88FE3 /* LaunchScreen.xib in Resources */,
				9048D3991B53E3E200F88FE3 /* empty_heart_icon.png in Resources */,
				909EB8C31B78C403006661FC /* edit.png in Resources */,
				9049263B1B653ACC0041BB54 /* icone_smal.png in Resources */,
				90BD9BB31B89E25A00028B26 /* fond2.png in Resources */,
				9048D3481B51722600F88FE3 /* Images.xcassets in Resources */,
				9048D37E1B5192B600F88FE3 /* hook.png in Resources */,
				9076FC991B80CB0000000399 /* fond_cell.png in Resources */,
				9048D36C1B5172DE00F88FE3 /* coquine4.jpg in Resources */,
				9048D37D1B5192B600F88FE3 /* chat.png in Resources */,
				907008AA1B5829FC00C7B740 /* profile_chat.png in Resources */,
			);
			runOnlyForDeploymentPostprocessing = 0;
		};
		9048D34E1B51722600F88FE3 /* Resources */ = {
			isa = PBXResourcesBuildPhase;
			buildActionMask = 2147483647;
			files = (
			);
			runOnlyForDeploymentPostprocessing = 0;
		};
/* End PBXResourcesBuildPhase section */

/* Begin PBXSourcesBuildPhase section */
		9048D3371B51722600F88FE3 /* Sources */ = {
			isa = PBXSourcesBuildPhase;
			buildActionMask = 2147483647;
			files = (
				9048D3411B51722600F88FE3 /* AppDelegate.swift in Sources */,
				907147261B7B937C00F19C48 /* SWRevealViewController.m in Sources */,
				9048D3961B53DB5F00F88FE3 /* YourHooksViewController.swift in Sources */,
				90857CF51B95E48A00A26FAD /* ProfileViewCell.swift in Sources */,
				9048D3761B517A5F00F88FE3 /* cellData.swift in Sources */,
				907008B21B582F8800C7B740 /* MenuViewController.swift in Sources */,
				907008B61B5835A100C7B740 /* MenuViewCell.swift in Sources */,
				9048D3941B532A2700F88FE3 /* HooksViewController.swift in Sources */,
				909EB8C91B78F30B006661FC /* ProfileViewController.swift in Sources */,
				909EB8CB1B79EEF3006661FC /* EditProfileViewController.swift in Sources */,
				909EB8D11B79F970006661FC /* ConfigViewController.swift in Sources */,
				907008A21B56FC9000C7B740 /* PhotoViewController.swift in Sources */,
				9048D37A1B517C9100F88FE3 /* CellViewController.swift in Sources */,
				909237E61B97302E00867FF2 /* ContentViewController.swift in Sources */,
				9048D3741B5178A400F88FE3 /* MainViewController.swift in Sources */,
				906A06F51B788F7600F559D7 /* userFacebook.swift in Sources */,
				907147231B7A47D100F19C48 /* ProfileNavigationViewController.swift in Sources */,
				907008A41B5701F100C7B740 /* PhotoViewCell.swift in Sources */,
				904926491B663AF80041BB54 /* LoginViewController.swift in Sources */,
				90F8F5061B6830FD00541B06 /* LGSimpleChat.swift in Sources */,
				907008B81B58467500C7B740 /* ContactViewCell.swift in Sources */,
			);
			runOnlyForDeploymentPostprocessing = 0;
		};
		9048D34C1B51722600F88FE3 /* Sources */ = {
			isa = PBXSourcesBuildPhase;
			buildActionMask = 2147483647;
			files = (
				9048D3571B51722600F88FE3 /* hookTests.swift in Sources */,
			);
			runOnlyForDeploymentPostprocessing = 0;
		};
/* End PBXSourcesBuildPhase section */

/* Begin PBXTargetDependency section */
		9048D3521B51722600F88FE3 /* PBXTargetDependency */ = {
			isa = PBXTargetDependency;
			target = 9048D33A1B51722600F88FE3 /* hook */;
			targetProxy = 9048D3511B51722600F88FE3 /* PBXContainerItemProxy */;
		};
/* End PBXTargetDependency section */

/* Begin PBXVariantGroup section */
		9048D3441B51722600F88FE3 /* Main.storyboard */ = {
			isa = PBXVariantGroup;
			children = (
				9048D3451B51722600F88FE3 /* Base */,
			);
			name = Main.storyboard;
			sourceTree = "<group>";
		};
		9048D3491B51722600F88FE3 /* LaunchScreen.xib */ = {
			isa = PBXVariantGroup;
			children = (
				9048D34A1B51722600F88FE3 /* Base */,
			);
			name = LaunchScreen.xib;
			sourceTree = "<group>";
		};
/* End PBXVariantGroup section */

/* Begin XCBuildConfiguration section */
		9048D3581B51722600F88FE3 /* Debug */ = {
			isa = XCBuildConfiguration;
			buildSettings = {
				ALWAYS_SEARCH_USER_PATHS = NO;
				CLANG_CXX_LANGUAGE_STANDARD = "gnu++0x";
				CLANG_CXX_LIBRARY = "libc++";
				CLANG_ENABLE_MODULES = YES;
				CLANG_ENABLE_OBJC_ARC = YES;
				CLANG_WARN_BOOL_CONVERSION = YES;
				CLANG_WARN_CONSTANT_CONVERSION = YES;
				CLANG_WARN_DIRECT_OBJC_ISA_USAGE = YES_ERROR;
				CLANG_WARN_EMPTY_BODY = YES;
				CLANG_WARN_ENUM_CONVERSION = YES;
				CLANG_WARN_INT_CONVERSION = YES;
				CLANG_WARN_OBJC_ROOT_CLASS = YES_ERROR;
				CLANG_WARN_UNREACHABLE_CODE = YES;
				CLANG_WARN__DUPLICATE_METHOD_MATCH = YES;
				"CODE_SIGN_IDENTITY[sdk=iphoneos*]" = "iPhone Developer";
				COPY_PHASE_STRIP = NO;
				DEBUG_INFORMATION_FORMAT = "dwarf-with-dsym";
				ENABLE_STRICT_OBJC_MSGSEND = YES;
				GCC_C_LANGUAGE_STANDARD = gnu99;
				GCC_DYNAMIC_NO_PIC = NO;
				GCC_NO_COMMON_BLOCKS = YES;
				GCC_OPTIMIZATION_LEVEL = 0;
				GCC_PREPROCESSOR_DEFINITIONS = (
					"DEBUG=1",
					"$(inherited)",
				);
				GCC_SYMBOLS_PRIVATE_EXTERN = NO;
				GCC_WARN_64_TO_32_BIT_CONVERSION = YES;
				GCC_WARN_ABOUT_RETURN_TYPE = YES_ERROR;
				GCC_WARN_UNDECLARED_SELECTOR = YES;
				GCC_WARN_UNINITIALIZED_AUTOS = YES_AGGRESSIVE;
				GCC_WARN_UNUSED_FUNCTION = YES;
				GCC_WARN_UNUSED_VARIABLE = YES;
				IPHONEOS_DEPLOYMENT_TARGET = 8.4;
				MTL_ENABLE_DEBUG_INFO = YES;
				ONLY_ACTIVE_ARCH = YES;
				SDKROOT = iphoneos;
				SWIFT_OPTIMIZATION_LEVEL = "-Onone";
			};
			name = Debug;
		};
		9048D3591B51722600F88FE3 /* Release */ = {
			isa = XCBuildConfiguration;
			buildSettings = {
				ALWAYS_SEARCH_USER_PATHS = NO;
				CLANG_CXX_LANGUAGE_STANDARD = "gnu++0x";
				CLANG_CXX_LIBRARY = "libc++";
				CLANG_ENABLE_MODULES = YES;
				CLANG_ENABLE_OBJC_ARC = YES;
				CLANG_WARN_BOOL_CONVERSION = YES;
				CLANG_WARN_CONSTANT_CONVERSION = YES;
				CLANG_WARN_DIRECT_OBJC_ISA_USAGE = YES_ERROR;
				CLANG_WARN_EMPTY_BODY = YES;
				CLANG_WARN_ENUM_CONVERSION = YES;
				CLANG_WARN_INT_CONVERSION = YES;
				CLANG_WARN_OBJC_ROOT_CLASS = YES_ERROR;
				CLANG_WARN_UNREACHABLE_CODE = YES;
				CLANG_WARN__DUPLICATE_METHOD_MATCH = YES;
				"CODE_SIGN_IDENTITY[sdk=iphoneos*]" = "iPhone Developer";
				COPY_PHASE_STRIP = NO;
				DEBUG_INFORMATION_FORMAT = "dwarf-with-dsym";
				ENABLE_NS_ASSERTIONS = NO;
				ENABLE_STRICT_OBJC_MSGSEND = YES;
				GCC_C_LANGUAGE_STANDARD = gnu99;
				GCC_NO_COMMON_BLOCKS = YES;
				GCC_WARN_64_TO_32_BIT_CONVERSION = YES;
				GCC_WARN_ABOUT_RETURN_TYPE = YES_ERROR;
				GCC_WARN_UNDECLARED_SELECTOR = YES;
				GCC_WARN_UNINITIALIZED_AUTOS = YES_AGGRESSIVE;
				GCC_WARN_UNUSED_FUNCTION = YES;
				GCC_WARN_UNUSED_VARIABLE = YES;
				IPHONEOS_DEPLOYMENT_TARGET = 8.4;
				MTL_ENABLE_DEBUG_INFO = NO;
				SDKROOT = iphoneos;
				VALIDATE_PRODUCT = YES;
			};
			name = Release;
		};
		9048D35B1B51722600F88FE3 /* Debug */ = {
			isa = XCBuildConfiguration;
			buildSettings = {
				ASSETCATALOG_COMPILER_APPICON_NAME = AppIcon;
				ASSETCATALOG_COMPILER_LAUNCHIMAGE_NAME = LaunchImage;
				CLANG_ENABLE_MODULES = YES;
				CODE_SIGN_IDENTITY = "iPhone Developer";
				"CODE_SIGN_IDENTITY[sdk=iphoneos*]" = "iPhone Developer";
				FRAMEWORK_SEARCH_PATHS = (
					"$(inherited)",
					"$(PROJECT_DIR)/hook",
					"$(PROJECT_DIR)/hook/build/Debug-iphoneos",
					"$(USER_LIBRARY_DIR)/Developer/Xcode/DerivedData/hook-frpmkgfzqkfvgrfwctnbflwwllfd/Build/Products/Debug-iphoneos",
				);
				INFOPLIST_FILE = hook/Info.plist;
				LD_RUNPATH_SEARCH_PATHS = "$(inherited) @executable_path/Frameworks";
				PRODUCT_NAME = "$(TARGET_NAME)";
				PROVISIONING_PROFILE = "";
				SWIFT_OBJC_BRIDGING_HEADER = "hook/hook-Bridging-Header.h";
				SWIFT_OPTIMIZATION_LEVEL = "-Onone";
				TARGETED_DEVICE_FAMILY = 1;
			};
			name = Debug;
		};
		9048D35C1B51722600F88FE3 /* Release */ = {
			isa = XCBuildConfiguration;
			buildSettings = {
				ASSETCATALOG_COMPILER_APPICON_NAME = AppIcon;
				ASSETCATALOG_COMPILER_LAUNCHIMAGE_NAME = LaunchImage;
				CLANG_ENABLE_MODULES = YES;
				CODE_SIGN_IDENTITY = "iPhone Developer";
				"CODE_SIGN_IDENTITY[sdk=iphoneos*]" = "iPhone Developer";
				FRAMEWORK_SEARCH_PATHS = (
					"$(inherited)",
					"$(PROJECT_DIR)/hook",
					"$(PROJECT_DIR)/hook/build/Debug-iphoneos",
					"$(USER_LIBRARY_DIR)/Developer/Xcode/DerivedData/hook-frpmkgfzqkfvgrfwctnbflwwllfd/Build/Products/Debug-iphoneos",
				);
				INFOPLIST_FILE = hook/Info.plist;
				LD_RUNPATH_SEARCH_PATHS = "$(inherited) @executable_path/Frameworks";
				PRODUCT_NAME = "$(TARGET_NAME)";
				PROVISIONING_PROFILE = "";
				SWIFT_OBJC_BRIDGING_HEADER = "hook/hook-Bridging-Header.h";
				TARGETED_DEVICE_FAMILY = 1;
			};
			name = Release;
		};
		9048D35E1B51722600F88FE3 /* Debug */ = {
			isa = XCBuildConfiguration;
			buildSettings = {
				BUNDLE_LOADER = "$(TEST_HOST)";
				FRAMEWORK_SEARCH_PATHS = (
					"$(SDKROOT)/Developer/Library/Frameworks",
					"$(inherited)",
				);
				GCC_PREPROCESSOR_DEFINITIONS = (
					"DEBUG=1",
					"$(inherited)",
				);
				INFOPLIST_FILE = hookTests/Info.plist;
				LD_RUNPATH_SEARCH_PATHS = "$(inherited) @executable_path/Frameworks @loader_path/Frameworks";
				PRODUCT_NAME = "$(TARGET_NAME)";
				TEST_HOST = "$(BUILT_PRODUCTS_DIR)/hook.app/hook";
			};
			name = Debug;
		};
		9048D35F1B51722600F88FE3 /* Release */ = {
			isa = XCBuildConfiguration;
			buildSettings = {
				BUNDLE_LOADER = "$(TEST_HOST)";
				FRAMEWORK_SEARCH_PATHS = (
					"$(SDKROOT)/Developer/Library/Frameworks",
					"$(inherited)",
				);
				INFOPLIST_FILE = hookTests/Info.plist;
				LD_RUNPATH_SEARCH_PATHS = "$(inherited) @executable_path/Frameworks @loader_path/Frameworks";
				PRODUCT_NAME = "$(TARGET_NAME)";
				TEST_HOST = "$(BUILT_PRODUCTS_DIR)/hook.app/hook";
			};
			name = Release;
		};
/* End XCBuildConfiguration section */

/* Begin XCConfigurationList section */
		9048D3361B51722600F88FE3 /* Build configuration list for PBXProject "hook" */ = {
			isa = XCConfigurationList;
			buildConfigurations = (
				9048D3581B51722600F88FE3 /* Debug */,
				9048D3591B51722600F88FE3 /* Release */,
			);
			defaultConfigurationIsVisible = 0;
			defaultConfigurationName = Release;
		};
		9048D35A1B51722600F88FE3 /* Build configuration list for PBXNativeTarget "hook" */ = {
			isa = XCConfigurationList;
			buildConfigurations = (
				9048D35B1B51722600F88FE3 /* Debug */,
				9048D35C1B51722600F88FE3 /* Release */,
			);
			defaultConfigurationIsVisible = 0;
			defaultConfigurationName = Release;
		};
		9048D35D1B51722600F88FE3 /* Build configuration list for PBXNativeTarget "hookTests" */ = {
			isa = XCConfigurationList;
			buildConfigurations = (
				9048D35E1B51722600F88FE3 /* Debug */,
				9048D35F1B51722600F88FE3 /* Release */,
			);
			defaultConfigurationIsVisible = 0;
			defaultConfigurationName = Release;
		};
/* End XCConfigurationList section */
	};
	rootObject = 9048D3331B51722600F88FE3 /* Project object */;
}
